
Microsoft Visual Studio Solution File, Format Version 12.00
# Visual Studio Version 16
VisualStudioVersion = 16.0.30413.136
MinimumVisualStudioVersion = 10.0.40219.1
Project("{FAE04EC0-301F-11D3-BF4B-00C04F79EFBC}") = "Starwars API", "Starwars API.csproj", "{0994747D-6E0F-4550-BE09-9B5B01A3C54E}"
EndProject
Global
	GlobalSection(SolutionConfigurationPlatforms) = preSolution
		Debug|Any CPU = Debug|Any CPU
		Release|Any CPU = Release|Any CPU
	EndGlobalSection
	GlobalSection(ProjectConfigurationPlatforms) = postSolution
		{0994747D-6E0F-4550-BE09-9B5B01A3C54E}.Debug|Any CPU.ActiveCfg = Debug|Any CPU
		{0994747D-6E0F-4550-BE09-9B5B01A3C54E}.Debug|Any CPU.Build.0 = Debug|Any CPU
		{0994747D-6E0F-4550-BE09-9B5B01A3C54E}.Release|Any CPU.ActiveCfg = Release|Any CPU
		{0994747D-6E0F-4550-BE09-9B5B01A3C54E}.Release|Any CPU.Build.0 = Release|Any CPU
	EndGlobalSection
	GlobalSection(SolutionProperties) = preSolution
		HideSolutionNode = FALSE
	EndGlobalSection
	GlobalSection(ExtensibilityGlobals) = postSolution
		SolutionGuid = {BEAB2339-F093-4FED-97D6-C2752A5EB6FF}
	EndGlobalSection
EndGlobal
